
Microsoft Visual Studio Solution File, Format Version 12.00
# Visual Studio Version 16
VisualStudioVersion = 16.0.31026.101
MinimumVisualStudioVersion = 10.0.40219.1
Project("{FAE04EC0-301F-11D3-BF4B-00C04F79EFBC}") = "HomeTaskTwo", "HomeTaskTwo\HomeTaskTwo.csproj", "{C5D96ACA-1447-45D3-BE60-1C2B1209DDCB}"
EndProject
Global
	GlobalSection(SolutionConfigurationPlatforms) = preSolution
		Debug|Any CPU = Debug|Any CPU
		Release|Any CPU = Release|Any CPU
	EndGlobalSection
	GlobalSection(ProjectConfigurationPlatforms) = postSolution
		{C5D96ACA-1447-45D3-BE60-1C2B1209DDCB}.Debug|Any CPU.ActiveCfg = Debug|Any CPU
		{C5D96ACA-1447-45D3-BE60-1C2B1209DDCB}.Debug|Any CPU.Build.0 = Debug|Any CPU
		{C5D96ACA-1447-45D3-BE60-1C2B1209DDCB}.Release|Any CPU.ActiveCfg = Release|Any CPU
		{C5D96ACA-1447-45D3-BE60-1C2B1209DDCB}.Release|Any CPU.Build.0 = Release|Any CPU
	EndGlobalSection
	GlobalSection(SolutionProperties) = preSolution
		HideSolutionNode = FALSE
	EndGlobalSection
	GlobalSection(ExtensibilityGlobals) = postSolution
		SolutionGuid = {3655DFAF-9B24-40FA-934D-81E97F4F305A}
	EndGlobalSection
EndGlobal
